
Microsoft Visual Studio Solution File, Format Version 12.00
# Visual Studio Version 16
VisualStudioVersion = 16.0.30225.117
MinimumVisualStudioVersion = 10.0.40219.1
Project("{9A19103F-16F7-4668-BE54-9A1E7A4F7556}") = "RPSGUI", "RPSGUI\RPSGUI.csproj", "{BD845D97-1926-48B6-BEDE-2A1D647D719D}"
EndProject
Project("{9A19103F-16F7-4668-BE54-9A1E7A4F7556}") = "RPSTest", "RPSTest\RPSTest.csproj", "{740F465C-38EF-4464-B424-2EB44611919F}"
EndProject
Project("{FAE04EC0-301F-11D3-BF4B-00C04F79EFBC}") = "RPSBase", "RPSBase\RPSBase.csproj", "{AB9882BC-2EAB-415E-A111-8B8EDD24556F}"
EndProject
Global
	GlobalSection(SolutionConfigurationPlatforms) = preSolution
		Debug|Any CPU = Debug|Any CPU
		Release|Any CPU = Release|Any CPU
	EndGlobalSection
	GlobalSection(ProjectConfigurationPlatforms) = postSolution
		{BD845D97-1926-48B6-BEDE-2A1D647D719D}.Debug|Any CPU.ActiveCfg = Debug|Any CPU
		{BD845D97-1926-48B6-BEDE-2A1D647D719D}.Debug|Any CPU.Build.0 = Debug|Any CPU
		{BD845D97-1926-48B6-BEDE-2A1D647D719D}.Release|Any CPU.ActiveCfg = Release|Any CPU
		{BD845D97-1926-48B6-BEDE-2A1D647D719D}.Release|Any CPU.Build.0 = Release|Any CPU
		{740F465C-38EF-4464-B424-2EB44611919F}.Debug|Any CPU.ActiveCfg = Debug|Any CPU
		{740F465C-38EF-4464-B424-2EB44611919F}.Debug|Any CPU.Build.0 = Debug|Any CPU
		{740F465C-38EF-4464-B424-2EB44611919F}.Release|Any CPU.ActiveCfg = Release|Any CPU
		{740F465C-38EF-4464-B424-2EB44611919F}.Release|Any CPU.Build.0 = Release|Any CPU
		{AB9882BC-2EAB-415E-A111-8B8EDD24556F}.Debug|Any CPU.ActiveCfg = Debug|Any CPU
		{AB9882BC-2EAB-415E-A111-8B8EDD24556F}.Debug|Any CPU.Build.0 = Debug|Any CPU
		{AB9882BC-2EAB-415E-A111-8B8EDD24556F}.Release|Any CPU.ActiveCfg = Release|Any CPU
		{AB9882BC-2EAB-415E-A111-8B8EDD24556F}.Release|Any CPU.Build.0 = Release|Any CPU
	EndGlobalSection
	GlobalSection(SolutionProperties) = preSolution
		HideSolutionNode = FALSE
	EndGlobalSection
	GlobalSection(ExtensibilityGlobals) = postSolution
		SolutionGuid = {77EF66E2-7A8D-4095-96B4-DEBB816E6FED}
	EndGlobalSection
EndGlobal
